
Microsoft Visual Studio Solution File, Format Version 12.00
# Visual Studio Version 16
VisualStudioVersion = 16.0.30804.86
MinimumVisualStudioVersion = 10.0.40219.1
Project("{9A19103F-16F7-4668-BE54-9A1E7A4F7556}") = "001 Corestart", "001 corestart\001 Corestart.csproj", "{A13368FD-B1D7-4DB2-A55F-243479536E69}"
EndProject
Project("{9A19103F-16F7-4668-BE54-9A1E7A4F7556}") = "002 配置框架", "002 配置框架\002 配置框架.csproj", "{2D82120F-CD3C-4FAB-9DB6-D03F9089070E}"
EndProject
Project("{9A19103F-16F7-4668-BE54-9A1E7A4F7556}") = "003 中间件", "003 中间件\003 中间件.csproj", "{E22F9DA8-03F0-4693-A5B1-649F726D90B1}"
EndProject
Global
	GlobalSection(SolutionConfigurationPlatforms) = preSolution
		Debug|Any CPU = Debug|Any CPU
		Release|Any CPU = Release|Any CPU
	EndGlobalSection
	GlobalSection(ProjectConfigurationPlatforms) = postSolution
		{A13368FD-B1D7-4DB2-A55F-243479536E69}.Debug|Any CPU.ActiveCfg = Debug|Any CPU
		{A13368FD-B1D7-4DB2-A55F-243479536E69}.Debug|Any CPU.Build.0 = Debug|Any CPU
		{A13368FD-B1D7-4DB2-A55F-243479536E69}.Release|Any CPU.ActiveCfg = Release|Any CPU
		{A13368FD-B1D7-4DB2-A55F-243479536E69}.Release|Any CPU.Build.0 = Release|Any CPU
		{2D82120F-CD3C-4FAB-9DB6-D03F9089070E}.Debug|Any CPU.ActiveCfg = Debug|Any CPU
		{2D82120F-CD3C-4FAB-9DB6-D03F9089070E}.Debug|Any CPU.Build.0 = Debug|Any CPU
		{2D82120F-CD3C-4FAB-9DB6-D03F9089070E}.Release|Any CPU.ActiveCfg = Release|Any CPU
		{2D82120F-CD3C-4FAB-9DB6-D03F9089070E}.Release|Any CPU.Build.0 = Release|Any CPU
		{E22F9DA8-03F0-4693-A5B1-649F726D90B1}.Debug|Any CPU.ActiveCfg = Debug|Any CPU
		{E22F9DA8-03F0-4693-A5B1-649F726D90B1}.Debug|Any CPU.Build.0 = Debug|Any CPU
		{E22F9DA8-03F0-4693-A5B1-649F726D90B1}.Release|Any CPU.ActiveCfg = Release|Any CPU
		{E22F9DA8-03F0-4693-A5B1-649F726D90B1}.Release|Any CPU.Build.0 = Release|Any CPU
	EndGlobalSection
	GlobalSection(SolutionProperties) = preSolution
		HideSolutionNode = FALSE
	EndGlobalSection
	GlobalSection(ExtensibilityGlobals) = postSolution
		SolutionGuid = {BEE8C3EF-5DD3-4290-8ABA-12BECC1180FF}
	EndGlobalSection
EndGlobal
